
Microsoft Visual Studio Solution File, Format Version 12.00
# Visual Studio Version 17
VisualStudioVersion = 17.2.32630.192
MinimumVisualStudioVersion = 10.0.40219.1
Project("{FAE04EC0-301F-11D3-BF4B-00C04F79EFBC}") = "Combinador de datos Brose", "Combinador de datos Brose.csproj", "{5996B52C-15D5-4747-B8BD-B40F08549B65}"
EndProject
Project("{54435603-DBB4-11D2-8724-00A0C9A8B90C}") = "BroseLogs to Excel", "BroseLogs to Excel\BroseLogs to Excel.vdproj", "{5E8C46DD-BE6A-4806-8060-45FB5AF11D79}"
EndProject
Global
	GlobalSection(SolutionConfigurationPlatforms) = preSolution
		Debug|Any CPU = Debug|Any CPU
		Release|Any CPU = Release|Any CPU
	EndGlobalSection
	GlobalSection(ProjectConfigurationPlatforms) = postSolution
		{5996B52C-15D5-4747-B8BD-B40F08549B65}.Debug|Any CPU.ActiveCfg = Debug|Any CPU
		{5996B52C-15D5-4747-B8BD-B40F08549B65}.Debug|Any CPU.Build.0 = Debug|Any CPU
		{5996B52C-15D5-4747-B8BD-B40F08549B65}.Release|Any CPU.ActiveCfg = Release|Any CPU
		{5996B52C-15D5-4747-B8BD-B40F08549B65}.Release|Any CPU.Build.0 = Release|Any CPU
		{5E8C46DD-BE6A-4806-8060-45FB5AF11D79}.Debug|Any CPU.ActiveCfg = Release
		{5E8C46DD-BE6A-4806-8060-45FB5AF11D79}.Debug|Any CPU.Build.0 = Release
		{5E8C46DD-BE6A-4806-8060-45FB5AF11D79}.Release|Any CPU.ActiveCfg = Release
		{5E8C46DD-BE6A-4806-8060-45FB5AF11D79}.Release|Any CPU.Build.0 = Release
	EndGlobalSection
	GlobalSection(SolutionProperties) = preSolution
		HideSolutionNode = FALSE
	EndGlobalSection
	GlobalSection(ExtensibilityGlobals) = postSolution
		SolutionGuid = {BAD646D7-AD5D-44F3-A090-48FAFAB7A3BA}
	EndGlobalSection
EndGlobal
